
Microsoft Visual Studio Solution File, Format Version 12.00
# Visual Studio 15
VisualStudioVersion = 15.0.27130.2027
MinimumVisualStudioVersion = 10.0.40219.1
Project("{FAE04EC0-301F-11D3-BF4B-00C04F79EFBC}") = "DemoGuideLiam", "DemoGuideLiam\DemoGuideLiam.csproj", "{89995646-F3B9-4942-B7F3-178E85FC3A4B}"
EndProject
Global
	GlobalSection(SolutionConfigurationPlatforms) = preSolution
		Debug|Any CPU = Debug|Any CPU
		Release|Any CPU = Release|Any CPU
	EndGlobalSection
	GlobalSection(ProjectConfigurationPlatforms) = postSolution
		{89995646-F3B9-4942-B7F3-178E85FC3A4B}.Debug|Any CPU.ActiveCfg = Debug|Any CPU
		{89995646-F3B9-4942-B7F3-178E85FC3A4B}.Debug|Any CPU.Build.0 = Debug|Any CPU
		{89995646-F3B9-4942-B7F3-178E85FC3A4B}.Release|Any CPU.ActiveCfg = Release|Any CPU
		{89995646-F3B9-4942-B7F3-178E85FC3A4B}.Release|Any CPU.Build.0 = Release|Any CPU
	EndGlobalSection
	GlobalSection(SolutionProperties) = preSolution
		HideSolutionNode = FALSE
	EndGlobalSection
	GlobalSection(ExtensibilityGlobals) = postSolution
		SolutionGuid = {A0ED2F39-FDF6-4749-86A2-EF1C924F70E8}
	EndGlobalSection
EndGlobal
